
Microsoft Visual Studio Solution File, Format Version 12.00
# Visual Studio Version 16
VisualStudioVersion = 16.0.29613.14
MinimumVisualStudioVersion = 10.0.40219.1
Project("{9A19103F-16F7-4668-BE54-9A1E7A4F7556}") = "UniInfo.CollectionData", "UniInfo.CollectionData\UniInfo.CollectionData.csproj", "{F10229FE-D4FA-4276-BEFD-DA6D1B968A68}"
EndProject
Project("{9A19103F-16F7-4668-BE54-9A1E7A4F7556}") = "UniInfo.Web", "UniInfo.Web\UniInfo.Web.csproj", "{62EF1B54-1A7F-40F7-9EAF-AFE4ABB83BC8}"
EndProject
Project("{E24C65DC-7377-472B-9ABA-BC803B73C61A}") = "ClientApp", "ClientApp\", "{AFAA17BE-9018-4734-AC52-6EAE3E08B6F8}"
	ProjectSection(WebsiteProperties) = preProject
		TargetFrameworkMoniker = ".NETFramework,Version%3Dv4.0"
		Debug.AspNetCompiler.VirtualPath = "/localhost_59709"
		Debug.AspNetCompiler.PhysicalPath = "ClientApp\"
		Debug.AspNetCompiler.TargetPath = "PrecompiledWeb\localhost_59709\"
		Debug.AspNetCompiler.Updateable = "true"
		Debug.AspNetCompiler.ForceOverwrite = "true"
		Debug.AspNetCompiler.FixedNames = "false"
		Debug.AspNetCompiler.Debug = "True"
		Release.AspNetCompiler.VirtualPath = "/localhost_59709"
		Release.AspNetCompiler.PhysicalPath = "ClientApp\"
		Release.AspNetCompiler.TargetPath = "PrecompiledWeb\localhost_59709\"
		Release.AspNetCompiler.Updateable = "true"
		Release.AspNetCompiler.ForceOverwrite = "true"
		Release.AspNetCompiler.FixedNames = "false"
		Release.AspNetCompiler.Debug = "False"
		VWDPort = "59709"
		SlnRelativePath = "ClientApp\"
	EndProjectSection
EndProject
Project("{9A19103F-16F7-4668-BE54-9A1E7A4F7556}") = "UniInfo.Domain", "UniInfo.Domain\UniInfo.Domain.csproj", "{81ADCF96-B1CC-4BDB-B765-92F672F7400D}"
EndProject
Project("{9A19103F-16F7-4668-BE54-9A1E7A4F7556}") = "UniInfo.Dapper", "UniInfo.Dapper\UniInfo.Dapper.csproj", "{646308EB-7CC6-4EB8-94DF-C48EBCA9AC9A}"
EndProject
Global
	GlobalSection(SolutionConfigurationPlatforms) = preSolution
		Debug|Any CPU = Debug|Any CPU
		Release|Any CPU = Release|Any CPU
	EndGlobalSection
	GlobalSection(ProjectConfigurationPlatforms) = postSolution
		{F10229FE-D4FA-4276-BEFD-DA6D1B968A68}.Debug|Any CPU.ActiveCfg = Debug|Any CPU
		{F10229FE-D4FA-4276-BEFD-DA6D1B968A68}.Debug|Any CPU.Build.0 = Debug|Any CPU
		{F10229FE-D4FA-4276-BEFD-DA6D1B968A68}.Release|Any CPU.ActiveCfg = Release|Any CPU
		{F10229FE-D4FA-4276-BEFD-DA6D1B968A68}.Release|Any CPU.Build.0 = Release|Any CPU
		{62EF1B54-1A7F-40F7-9EAF-AFE4ABB83BC8}.Debug|Any CPU.ActiveCfg = Debug|Any CPU
		{62EF1B54-1A7F-40F7-9EAF-AFE4ABB83BC8}.Debug|Any CPU.Build.0 = Debug|Any CPU
		{62EF1B54-1A7F-40F7-9EAF-AFE4ABB83BC8}.Release|Any CPU.ActiveCfg = Release|Any CPU
		{62EF1B54-1A7F-40F7-9EAF-AFE4ABB83BC8}.Release|Any CPU.Build.0 = Release|Any CPU
		{AFAA17BE-9018-4734-AC52-6EAE3E08B6F8}.Debug|Any CPU.ActiveCfg = Debug|Any CPU
		{AFAA17BE-9018-4734-AC52-6EAE3E08B6F8}.Debug|Any CPU.Build.0 = Debug|Any CPU
		{AFAA17BE-9018-4734-AC52-6EAE3E08B6F8}.Release|Any CPU.ActiveCfg = Debug|Any CPU
		{AFAA17BE-9018-4734-AC52-6EAE3E08B6F8}.Release|Any CPU.Build.0 = Debug|Any CPU
		{81ADCF96-B1CC-4BDB-B765-92F672F7400D}.Debug|Any CPU.ActiveCfg = Debug|Any CPU
		{81ADCF96-B1CC-4BDB-B765-92F672F7400D}.Debug|Any CPU.Build.0 = Debug|Any CPU
		{81ADCF96-B1CC-4BDB-B765-92F672F7400D}.Release|Any CPU.ActiveCfg = Release|Any CPU
		{81ADCF96-B1CC-4BDB-B765-92F672F7400D}.Release|Any CPU.Build.0 = Release|Any CPU
		{646308EB-7CC6-4EB8-94DF-C48EBCA9AC9A}.Debug|Any CPU.ActiveCfg = Debug|Any CPU
		{646308EB-7CC6-4EB8-94DF-C48EBCA9AC9A}.Debug|Any CPU.Build.0 = Debug|Any CPU
		{646308EB-7CC6-4EB8-94DF-C48EBCA9AC9A}.Release|Any CPU.ActiveCfg = Release|Any CPU
		{646308EB-7CC6-4EB8-94DF-C48EBCA9AC9A}.Release|Any CPU.Build.0 = Release|Any CPU
	EndGlobalSection
	GlobalSection(SolutionProperties) = preSolution
		HideSolutionNode = FALSE
	EndGlobalSection
	GlobalSection(ExtensibilityGlobals) = postSolution
		SolutionGuid = {0FA2DE4D-07D3-4AF3-A543-702523C1CB59}
	EndGlobalSection
EndGlobal
